
Microsoft Visual Studio Solution File, Format Version 12.00
# Visual Studio Version 16
VisualStudioVersion = 16.0.31205.134
MinimumVisualStudioVersion = 10.0.40219.1
Project("{9A19103F-16F7-4668-BE54-9A1E7A4F7556}") = "DataAccess", "DataAccess\DataAccess.csproj", "{BA3CC09A-1C62-4070-BD9C-819162AFA2F9}"
EndProject
Project("{9A19103F-16F7-4668-BE54-9A1E7A4F7556}") = "Business", "Business\Business.csproj", "{3BA9513A-BCDD-49CA-8335-5F02EA448089}"
EndProject
Project("{9A19103F-16F7-4668-BE54-9A1E7A4F7556}") = "Entities", "Entities\Entities.csproj", "{23A120F3-4B6B-4287-8A24-24083983A357}"
EndProject
Project("{9A19103F-16F7-4668-BE54-9A1E7A4F7556}") = "ConsoleUI", "ConsoleUI\ConsoleUI.csproj", "{991CF3E8-A90E-4836-B723-B0BB0DD19E5A}"
EndProject
Project("{9A19103F-16F7-4668-BE54-9A1E7A4F7556}") = "Core", "Core\Core.csproj", "{273FB785-B8FE-44ED-BE13-C8FFF30A47F5}"
EndProject
Global
	GlobalSection(SolutionConfigurationPlatforms) = preSolution
		Debug|Any CPU = Debug|Any CPU
		Release|Any CPU = Release|Any CPU
	EndGlobalSection
	GlobalSection(ProjectConfigurationPlatforms) = postSolution
		{BA3CC09A-1C62-4070-BD9C-819162AFA2F9}.Debug|Any CPU.ActiveCfg = Debug|Any CPU
		{BA3CC09A-1C62-4070-BD9C-819162AFA2F9}.Debug|Any CPU.Build.0 = Debug|Any CPU
		{BA3CC09A-1C62-4070-BD9C-819162AFA2F9}.Release|Any CPU.ActiveCfg = Release|Any CPU
		{BA3CC09A-1C62-4070-BD9C-819162AFA2F9}.Release|Any CPU.Build.0 = Release|Any CPU
		{3BA9513A-BCDD-49CA-8335-5F02EA448089}.Debug|Any CPU.ActiveCfg = Debug|Any CPU
		{3BA9513A-BCDD-49CA-8335-5F02EA448089}.Debug|Any CPU.Build.0 = Debug|Any CPU
		{3BA9513A-BCDD-49CA-8335-5F02EA448089}.Release|Any CPU.ActiveCfg = Release|Any CPU
		{3BA9513A-BCDD-49CA-8335-5F02EA448089}.Release|Any CPU.Build.0 = Release|Any CPU
		{23A120F3-4B6B-4287-8A24-24083983A357}.Debug|Any CPU.ActiveCfg = Debug|Any CPU
		{23A120F3-4B6B-4287-8A24-24083983A357}.Debug|Any CPU.Build.0 = Debug|Any CPU
		{23A120F3-4B6B-4287-8A24-24083983A357}.Release|Any CPU.ActiveCfg = Release|Any CPU
		{23A120F3-4B6B-4287-8A24-24083983A357}.Release|Any CPU.Build.0 = Release|Any CPU
		{991CF3E8-A90E-4836-B723-B0BB0DD19E5A}.Debug|Any CPU.ActiveCfg = Debug|Any CPU
		{991CF3E8-A90E-4836-B723-B0BB0DD19E5A}.Debug|Any CPU.Build.0 = Debug|Any CPU
		{991CF3E8-A90E-4836-B723-B0BB0DD19E5A}.Release|Any CPU.ActiveCfg = Release|Any CPU
		{991CF3E8-A90E-4836-B723-B0BB0DD19E5A}.Release|Any CPU.Build.0 = Release|Any CPU
		{273FB785-B8FE-44ED-BE13-C8FFF30A47F5}.Debug|Any CPU.ActiveCfg = Debug|Any CPU
		{273FB785-B8FE-44ED-BE13-C8FFF30A47F5}.Debug|Any CPU.Build.0 = Debug|Any CPU
		{273FB785-B8FE-44ED-BE13-C8FFF30A47F5}.Release|Any CPU.ActiveCfg = Release|Any CPU
		{273FB785-B8FE-44ED-BE13-C8FFF30A47F5}.Release|Any CPU.Build.0 = Release|Any CPU
	EndGlobalSection
	GlobalSection(SolutionProperties) = preSolution
		HideSolutionNode = FALSE
	EndGlobalSection
	GlobalSection(ExtensibilityGlobals) = postSolution
		SolutionGuid = {C3D24003-6FE5-462F-9EA2-FF328B7B56C2}
	EndGlobalSection
EndGlobal
